
Microsoft Visual Studio Solution File, Format Version 12.00
# Visual Studio Version 17
VisualStudioVersion = 17.14.36623.8 d17.14
MinimumVisualStudioVersion = 10.0.40219.1
Project("{FAE04EC0-301F-11D3-BF4B-00C04F79EFBC}") = "hw11", "hw11\hw11.csproj", "{EF55BAB1-C07B-496C-AD5A-33B22F56157B}"
EndProject
Global
	GlobalSection(SolutionConfigurationPlatforms) = preSolution
		Debug|Any CPU = Debug|Any CPU
		Release|Any CPU = Release|Any CPU
	EndGlobalSection
	GlobalSection(ProjectConfigurationPlatforms) = postSolution
		{EF55BAB1-C07B-496C-AD5A-33B22F56157B}.Debug|Any CPU.ActiveCfg = Debug|Any CPU
		{EF55BAB1-C07B-496C-AD5A-33B22F56157B}.Debug|Any CPU.Build.0 = Debug|Any CPU
		{EF55BAB1-C07B-496C-AD5A-33B22F56157B}.Release|Any CPU.ActiveCfg = Release|Any CPU
		{EF55BAB1-C07B-496C-AD5A-33B22F56157B}.Release|Any CPU.Build.0 = Release|Any CPU
	EndGlobalSection
	GlobalSection(SolutionProperties) = preSolution
		HideSolutionNode = FALSE
	EndGlobalSection
	GlobalSection(ExtensibilityGlobals) = postSolution
		SolutionGuid = {5A76927A-9FB7-4331-9152-688181814E75}
	EndGlobalSection
EndGlobal
