
Microsoft Visual Studio Solution File, Format Version 12.00
# Visual Studio Version 17
VisualStudioVersion = 17.14.36623.8 d17.14
MinimumVisualStudioVersion = 10.0.40219.1
Project("{FAE04EC0-301F-11D3-BF4B-00C04F79EFBC}") = "hw10", "hw10\hw10.csproj", "{18C582E7-F1CC-4574-AD85-E155E4CDA526}"
EndProject
Global
	GlobalSection(SolutionConfigurationPlatforms) = preSolution
		Debug|Any CPU = Debug|Any CPU
		Release|Any CPU = Release|Any CPU
	EndGlobalSection
	GlobalSection(ProjectConfigurationPlatforms) = postSolution
		{18C582E7-F1CC-4574-AD85-E155E4CDA526}.Debug|Any CPU.ActiveCfg = Debug|Any CPU
		{18C582E7-F1CC-4574-AD85-E155E4CDA526}.Debug|Any CPU.Build.0 = Debug|Any CPU
		{18C582E7-F1CC-4574-AD85-E155E4CDA526}.Release|Any CPU.ActiveCfg = Release|Any CPU
		{18C582E7-F1CC-4574-AD85-E155E4CDA526}.Release|Any CPU.Build.0 = Release|Any CPU
	EndGlobalSection
	GlobalSection(SolutionProperties) = preSolution
		HideSolutionNode = FALSE
	EndGlobalSection
	GlobalSection(ExtensibilityGlobals) = postSolution
		SolutionGuid = {641B1680-E3E7-471C-95D5-DABC75EB3D33}
	EndGlobalSection
EndGlobal
